
Microsoft Visual Studio Solution File, Format Version 12.00
# Visual Studio Version 17
VisualStudioVersion = 17.4.33122.133
MinimumVisualStudioVersion = 10.0.40219.1
Project("{9A19103F-16F7-4668-BE54-9A1E7A4F7556}") = "CHWebApplication", "CHWebApplication\CHWebApplication.csproj", "{5BAE6824-AEAE-4B82-B546-CEC1E105D379}"
EndProject
Project("{9A19103F-16F7-4668-BE54-9A1E7A4F7556}") = "MudBlazorExtensionLibrary", "..\MudBlazorExtension\MudBlazorExtension\MudBlazorExtensionLibrary\MudBlazorExtensionLibrary.csproj", "{AFA17757-ACDD-4D37-B8DF-D20A8EF121A5}"
EndProject
Global
	GlobalSection(SolutionConfigurationPlatforms) = preSolution
		Debug|Any CPU = Debug|Any CPU
		Release|Any CPU = Release|Any CPU
	EndGlobalSection
	GlobalSection(ProjectConfigurationPlatforms) = postSolution
		{5BAE6824-AEAE-4B82-B546-CEC1E105D379}.Debug|Any CPU.ActiveCfg = Debug|Any CPU
		{5BAE6824-AEAE-4B82-B546-CEC1E105D379}.Debug|Any CPU.Build.0 = Debug|Any CPU
		{5BAE6824-AEAE-4B82-B546-CEC1E105D379}.Release|Any CPU.ActiveCfg = Release|Any CPU
		{5BAE6824-AEAE-4B82-B546-CEC1E105D379}.Release|Any CPU.Build.0 = Release|Any CPU
		{AFA17757-ACDD-4D37-B8DF-D20A8EF121A5}.Debug|Any CPU.ActiveCfg = Debug|Any CPU
		{AFA17757-ACDD-4D37-B8DF-D20A8EF121A5}.Debug|Any CPU.Build.0 = Debug|Any CPU
		{AFA17757-ACDD-4D37-B8DF-D20A8EF121A5}.Release|Any CPU.ActiveCfg = Release|Any CPU
		{AFA17757-ACDD-4D37-B8DF-D20A8EF121A5}.Release|Any CPU.Build.0 = Release|Any CPU
	EndGlobalSection
	GlobalSection(SolutionProperties) = preSolution
		HideSolutionNode = FALSE
	EndGlobalSection
	GlobalSection(ExtensibilityGlobals) = postSolution
		SolutionGuid = {0A7D3F20-8300-479D-8BE5-5E6318D59233}
	EndGlobalSection
EndGlobal
